
Microsoft Visual Studio Solution File, Format Version 12.00
# Visual Studio 15
VisualStudioVersion = 15.0.28010.2036
MinimumVisualStudioVersion = 10.0.40219.1
Project("{8BC9CEB8-8B4A-11D0-8D11-00A0C91BC942}") = "helloworld_gcc", "sample\helloworld\helloworld_gcc.vcxproj", "{39650C84-0C2E-4BF1-9ABC-CFC2805535D4}"
EndProject
Project("{2150E333-8FDC-42A3-9474-1A3956D46DE8}") = "sample", "sample", "{E586630D-D490-46D5-B66B-33DD43A64BBF}"
EndProject
Project("{8BC9CEB8-8B4A-11D0-8D11-00A0C91BC942}") = "smoothy_gcc", "smoothy_gcc.vcxproj", "{05376550-B43A-40B6-99E9-361E168C140A}"
EndProject
Global
	GlobalSection(SolutionConfigurationPlatforms) = preSolution
		Debug|x64 = Debug|x64
		Release|x64 = Release|x64
	EndGlobalSection
	GlobalSection(ProjectConfigurationPlatforms) = postSolution
		{39650C84-0C2E-4BF1-9ABC-CFC2805535D4}.Debug|x64.ActiveCfg = Debug|x64
		{39650C84-0C2E-4BF1-9ABC-CFC2805535D4}.Debug|x64.Build.0 = Debug|x64
		{39650C84-0C2E-4BF1-9ABC-CFC2805535D4}.Release|x64.ActiveCfg = Release|x64
		{39650C84-0C2E-4BF1-9ABC-CFC2805535D4}.Release|x64.Build.0 = Release|x64
		{05376550-B43A-40B6-99E9-361E168C140A}.Debug|x64.ActiveCfg = Debug|x64
		{05376550-B43A-40B6-99E9-361E168C140A}.Debug|x64.Build.0 = Debug|x64
		{05376550-B43A-40B6-99E9-361E168C140A}.Release|x64.ActiveCfg = Release|x64
		{05376550-B43A-40B6-99E9-361E168C140A}.Release|x64.Build.0 = Release|x64
	EndGlobalSection
	GlobalSection(SolutionProperties) = preSolution
		HideSolutionNode = FALSE
	EndGlobalSection
	GlobalSection(NestedProjects) = preSolution
		{39650C84-0C2E-4BF1-9ABC-CFC2805535D4} = {E586630D-D490-46D5-B66B-33DD43A64BBF}
	EndGlobalSection
	GlobalSection(ExtensibilityGlobals) = postSolution
		SolutionGuid = {5D81AB8D-8ECE-4FF7-A981-072DD17CA565}
	EndGlobalSection
EndGlobal
